github.com/openfluke/webgpu v1.0.5 h1:6DmDi/24H2jOAC/zpHDHwoWOl29bqmyJXmGLf5k5Hew=
github.com/openfluke/webgpu v1.0.5/go.mod h1:072J6eEkBj9KgFzMY1RMgscUnu3EfTZsQABObSMZy1c=
github.com/openfluke/welvet v1.1.2 h1:fPF7YGEWjaljIFJIM1JmrPEikAUOJnpx3ggEHnRKITQ=
github.com/openfluke/welvet v1.1.2/go.mod h1:EJVK0B/caJAOG30Nd8By1H4tatCYLb2pSCOH6gOt4No=
